dependencies:
- name: elasticsearch
  repository: http://127.0.0.1:8080
  version: 1.14.2
- name: kibana
  repository: http://127.0.0.1:8080
  version: 1.0.0
- name: kafka
  repository: http://127.0.0.1:8080
  version: 0.13.2
- name: logstash
  repository: http://127.0.0.1:8080
  version: 1.3.0
digest: sha256:c386959536e5a286a1345a724142134bf172824ee16951d115fe80dd6c1e8d79
generated: 2018-12-09T15:26:37.687352Z
